
Microsoft Visual Studio Solution File, Format Version 12.00
# Visual Studio Version 16
VisualStudioVersion = 16.0.30503.244
MinimumVisualStudioVersion = 10.0.40219.1
Project("{2150E333-8FDC-42A3-9474-1A3956D46DE8}") = "SharedLibraryWithNETStandard", "SharedLibraryWithNETStandard", "{F630E620-5597-49B3-8BA8-5566EE9D0250}"
EndProject
Project("{9A19103F-16F7-4668-BE54-9A1E7A4F7556}") = "SharedLibrary", "SharedLibrary\SharedLibrary.csproj", "{E2483EA5-239F-4198-A6C2-0BCBCC8CC023}"
EndProject
Project("{2150E333-8FDC-42A3-9474-1A3956D46DE8}") = "LinkCollection", "LinkCollection", "{BB80FB06-A4BF-4B65-AECE-433904A4447A}"
	ProjectSection(SolutionItems) = preProject
		Agenda.txt = Agenda.txt
		Debugging.txt = Debugging.txt
		LinkCollection.txt = LinkCollection.txt
	EndProjectSection
EndProject
Project("{2150E333-8FDC-42A3-9474-1A3956D46DE8}") = "NetFramework48", "NetFramework48", "{909B45D3-9A6D-45AF-85AB-EBED41ED7E85}"
EndProject
Project("{2150E333-8FDC-42A3-9474-1A3956D46DE8}") = "NetCore31", "NetCore31", "{57DAEFD5-F97E-4269-9D02-619915DD1F1A}"
EndProject
Project("{FAE04EC0-301F-11D3-BF4B-00C04F79EFBC}") = "CalculatorClient", "CalculatorClient\CalculatorClient.csproj", "{3B5FA548-BC36-4C15-A09E-74AAFC03442B}"
EndProject
Project("{9A19103F-16F7-4668-BE54-9A1E7A4F7556}") = "CalculatorNetCoreClient", "CalculatorNetCoreClient\CalculatorNetCoreClient.csproj", "{7F0C0715-174C-45CF-8493-04CE85700F49}"
EndProject
Project("{9A19103F-16F7-4668-BE54-9A1E7A4F7556}") = "CalculatorV2", "..\..\WeiteresProjekt\CalculatorV2\CalculatorV2.csproj", "{421E987F-6422-4D66-8566-33A613B3710D}"
EndProject
Project("{2150E333-8FDC-42A3-9474-1A3956D46DE8}") = "DependencyInjections", "DependencyInjections", "{FF8D5FB8-76B6-4A30-A6E2-A0FCE401AFDD}"
	ProjectSection(SolutionItems) = preProject
		DependencyInjections.txt = DependencyInjections.txt
	EndProjectSection
EndProject
Project("{9A19103F-16F7-4668-BE54-9A1E7A4F7556}") = "DependencyInjectionsSample", "DependencyInjectionsSample\DependencyInjectionsSample.csproj", "{5798F531-3A20-4C4E-B46F-26A9C29E81C6}"
EndProject
Project("{2150E333-8FDC-42A3-9474-1A3956D46DE8}") = "Entity Framework", "Entity Framework", "{D045A295-9402-437D-9BAA-FA8B5C5FB865}"
EndProject
Project("{2150E333-8FDC-42A3-9474-1A3956D46DE8}") = "LinqAndLamda", "LinqAndLamda", "{F4398CD4-2F05-48E6-A3FA-FCB74274856E}"
EndProject
Project("{9A19103F-16F7-4668-BE54-9A1E7A4F7556}") = "LinqAndLambdaSample", "LinqAndLambdaSample\LinqAndLambdaSample.csproj", "{32574F15-5EBB-4278-B1CF-1FC08843139D}"
EndProject
Project("{2150E333-8FDC-42A3-9474-1A3956D46DE8}") = "NETFramework48", "NETFramework48", "{A569E083-8A7A-45B2-8B6E-DA5ECC9AE587}"
	ProjectSection(SolutionItems) = preProject
		EF Concepts.txt = EF Concepts.txt
	EndProjectSection
EndProject
Project("{2150E333-8FDC-42A3-9474-1A3956D46DE8}") = "ASPNetCore", "ASPNetCore", "{1E581415-83A3-4541-BC8D-45D654357014}"
EndProject
Project("{2150E333-8FDC-42A3-9474-1A3956D46DE8}") = "WebAPI", "WebAPI", "{A804232D-6C61-4BB0-BDB4-3920BF507E57}"
EndProject
Project("{2150E333-8FDC-42A3-9474-1A3956D46DE8}") = "Razor Pages", "Razor Pages", "{75954D08-FB41-41D2-A784-0BD44BD798E4}"
EndProject
Project("{2150E333-8FDC-42A3-9474-1A3956D46DE8}") = "MVC", "MVC", "{9E54347B-2A1F-488D-A770-21B4F2635443}"
EndProject
Project("{FAE04EC0-301F-11D3-BF4B-00C04F79EFBC}") = "GeoDB.SharedLibrary", "GeoDB.DataAccess\GeoDB.SharedLibrary.csproj", "{AEEFAE21-CACD-432D-A048-F3BA45693DE3}"
EndProject
Project("{FAE04EC0-301F-11D3-BF4B-00C04F79EFBC}") = "GeoDBWebAPI", "GeoDBWebAPI\GeoDBWebAPI.csproj", "{9AF56562-908D-44E9-893F-1D3964BA47FD}"
EndProject
Project("{FAE04EC0-301F-11D3-BF4B-00C04F79EFBC}") = "GeoWebMVC", "GeoWebMVC\GeoWebMVC.csproj", "{93CB6379-54AD-4851-B07C-25B074834A0A}"
EndProject
Global
	GlobalSection(SolutionConfigurationPlatforms) = preSolution
		Debug|Any CPU = Debug|Any CPU
		Release|Any CPU = Release|Any CPU
	EndGlobalSection
	GlobalSection(ProjectConfigurationPlatforms) = postSolution
		{E2483EA5-239F-4198-A6C2-0BCBCC8CC023}.Debug|Any CPU.ActiveCfg = Debug|Any CPU
		{E2483EA5-239F-4198-A6C2-0BCBCC8CC023}.Debug|Any CPU.Build.0 = Debug|Any CPU
		{E2483EA5-239F-4198-A6C2-0BCBCC8CC023}.Release|Any CPU.ActiveCfg = Release|Any CPU
		{E2483EA5-239F-4198-A6C2-0BCBCC8CC023}.Release|Any CPU.Build.0 = Release|Any CPU
		{3B5FA548-BC36-4C15-A09E-74AAFC03442B}.Debug|Any CPU.ActiveCfg = Debug|Any CPU
		{3B5FA548-BC36-4C15-A09E-74AAFC03442B}.Debug|Any CPU.Build.0 = Debug|Any CPU
		{3B5FA548-BC36-4C15-A09E-74AAFC03442B}.Release|Any CPU.ActiveCfg = Release|Any CPU
		{3B5FA548-BC36-4C15-A09E-74AAFC03442B}.Release|Any CPU.Build.0 = Release|Any CPU
		{7F0C0715-174C-45CF-8493-04CE85700F49}.Debug|Any CPU.ActiveCfg = Debug|Any CPU
		{7F0C0715-174C-45CF-8493-04CE85700F49}.Debug|Any CPU.Build.0 = Debug|Any CPU
		{7F0C0715-174C-45CF-8493-04CE85700F49}.Release|Any CPU.ActiveCfg = Release|Any CPU
		{7F0C0715-174C-45CF-8493-04CE85700F49}.Release|Any CPU.Build.0 = Release|Any CPU
		{421E987F-6422-4D66-8566-33A613B3710D}.Debug|Any CPU.ActiveCfg = Debug|Any CPU
		{421E987F-6422-4D66-8566-33A613B3710D}.Debug|Any CPU.Build.0 = Debug|Any CPU
		{421E987F-6422-4D66-8566-33A613B3710D}.Release|Any CPU.ActiveCfg = Release|Any CPU
		{421E987F-6422-4D66-8566-33A613B3710D}.Release|Any CPU.Build.0 = Release|Any CPU
		{5798F531-3A20-4C4E-B46F-26A9C29E81C6}.Debug|Any CPU.ActiveCfg = Debug|Any CPU
		{5798F531-3A20-4C4E-B46F-26A9C29E81C6}.Debug|Any CPU.Build.0 = Debug|Any CPU
		{5798F531-3A20-4C4E-B46F-26A9C29E81C6}.Release|Any CPU.ActiveCfg = Release|Any CPU
		{5798F531-3A20-4C4E-B46F-26A9C29E81C6}.Release|Any CPU.Build.0 = Release|Any CPU
		{32574F15-5EBB-4278-B1CF-1FC08843139D}.Debug|Any CPU.ActiveCfg = Debug|Any CPU
		{32574F15-5EBB-4278-B1CF-1FC08843139D}.Debug|Any CPU.Build.0 = Debug|Any CPU
		{32574F15-5EBB-4278-B1CF-1FC08843139D}.Release|Any CPU.ActiveCfg = Release|Any CPU
		{32574F15-5EBB-4278-B1CF-1FC08843139D}.Release|Any CPU.Build.0 = Release|Any CPU
		{AEEFAE21-CACD-432D-A048-F3BA45693DE3}.Debug|Any CPU.ActiveCfg = Debug|Any CPU
		{AEEFAE21-CACD-432D-A048-F3BA45693DE3}.Debug|Any CPU.Build.0 = Debug|Any CPU
		{AEEFAE21-CACD-432D-A048-F3BA45693DE3}.Release|Any CPU.ActiveCfg = Release|Any CPU
		{AEEFAE21-CACD-432D-A048-F3BA45693DE3}.Release|Any CPU.Build.0 = Release|Any CPU
		{9AF56562-908D-44E9-893F-1D3964BA47FD}.Debug|Any CPU.ActiveCfg = Debug|Any CPU
		{9AF56562-908D-44E9-893F-1D3964BA47FD}.Debug|Any CPU.Build.0 = Debug|Any CPU
		{9AF56562-908D-44E9-893F-1D3964BA47FD}.Release|Any CPU.ActiveCfg = Release|Any CPU
		{9AF56562-908D-44E9-893F-1D3964BA47FD}.Release|Any CPU.Build.0 = Release|Any CPU
		{93CB6379-54AD-4851-B07C-25B074834A0A}.Debug|Any CPU.ActiveCfg = Debug|Any CPU
		{93CB6379-54AD-4851-B07C-25B074834A0A}.Debug|Any CPU.Build.0 = Debug|Any CPU
		{93CB6379-54AD-4851-B07C-25B074834A0A}.Release|Any CPU.ActiveCfg = Release|Any CPU
		{93CB6379-54AD-4851-B07C-25B074834A0A}.Release|Any CPU.Build.0 = Release|Any CPU
	EndGlobalSection
	GlobalSection(SolutionProperties) = preSolution
		HideSolutionNode = FALSE
	EndGlobalSection
	GlobalSection(NestedProjects) = preSolution
		{E2483EA5-239F-4198-A6C2-0BCBCC8CC023} = {F630E620-5597-49B3-8BA8-5566EE9D0250}
		{909B45D3-9A6D-45AF-85AB-EBED41ED7E85} = {F630E620-5597-49B3-8BA8-5566EE9D0250}
		{57DAEFD5-F97E-4269-9D02-619915DD1F1A} = {F630E620-5597-49B3-8BA8-5566EE9D0250}
		{3B5FA548-BC36-4C15-A09E-74AAFC03442B} = {909B45D3-9A6D-45AF-85AB-EBED41ED7E85}
		{7F0C0715-174C-45CF-8493-04CE85700F49} = {57DAEFD5-F97E-4269-9D02-619915DD1F1A}
		{421E987F-6422-4D66-8566-33A613B3710D} = {57DAEFD5-F97E-4269-9D02-619915DD1F1A}
		{5798F531-3A20-4C4E-B46F-26A9C29E81C6} = {FF8D5FB8-76B6-4A30-A6E2-A0FCE401AFDD}
		{F4398CD4-2F05-48E6-A3FA-FCB74274856E} = {D045A295-9402-437D-9BAA-FA8B5C5FB865}
		{32574F15-5EBB-4278-B1CF-1FC08843139D} = {F4398CD4-2F05-48E6-A3FA-FCB74274856E}
		{A569E083-8A7A-45B2-8B6E-DA5ECC9AE587} = {D045A295-9402-437D-9BAA-FA8B5C5FB865}
		{A804232D-6C61-4BB0-BDB4-3920BF507E57} = {1E581415-83A3-4541-BC8D-45D654357014}
		{75954D08-FB41-41D2-A784-0BD44BD798E4} = {1E581415-83A3-4541-BC8D-45D654357014}
		{9E54347B-2A1F-488D-A770-21B4F2635443} = {1E581415-83A3-4541-BC8D-45D654357014}
		{AEEFAE21-CACD-432D-A048-F3BA45693DE3} = {A804232D-6C61-4BB0-BDB4-3920BF507E57}
		{9AF56562-908D-44E9-893F-1D3964BA47FD} = {A804232D-6C61-4BB0-BDB4-3920BF507E57}
		{93CB6379-54AD-4851-B07C-25B074834A0A} = {9E54347B-2A1F-488D-A770-21B4F2635443}
	EndGlobalSection
	GlobalSection(ExtensibilityGlobals) = postSolution
		SolutionGuid = {5CA801EB-3F2B-4C9F-9AA4-5FFBDB4E5E04}
	EndGlobalSection
EndGlobal
